
Microsoft Visual Studio Solution File, Format Version 12.00
Project("{2150E333-8FDC-42A3-9474-1A3956D46DE8}") = "Enterprise Business Rules", "Enterprise Business Rules", "{1F5952EE-550B-4AC9-9E4B-E68BC33D9F50}"
EndProject
Project("{FAE04EC0-301F-11D3-BF4B-00C04F79EFBC}") = "LatinoNet.Entities", "LatinoNet.Entities\LatinoNet.Entities.csproj", "{4EE0FB74-2EF8-4354-BD22-EB0B53C66368}"
EndProject
Project("{2150E333-8FDC-42A3-9474-1A3956D46DE8}") = "Application Business Rules", "Application Business Rules", "{CE8431A2-85E8-482F-9161-654DE8F0B921}"
EndProject
Project("{2150E333-8FDC-42A3-9474-1A3956D46DE8}") = "Interface Adapters", "Interface Adapters", "{B5055DEE-E075-43D0-9C1B-FC1B3F15856D}"
EndProject
Project("{2150E333-8FDC-42A3-9474-1A3956D46DE8}") = "Frameworks And Drivers", "Frameworks And Drivers", "{2F1C1FA1-BD90-445E-9089-2A3BA34FB4C7}"
EndProject
Project("{2150E333-8FDC-42A3-9474-1A3956D46DE8}") = "Gateways", "Gateways", "{0EF8E39A-955B-4E3D-98AE-99669031203A}"
EndProject
Project("{FAE04EC0-301F-11D3-BF4B-00C04F79EFBC}") = "LatinoNet.RepositoryEFCore", "LatinoNet.RepositoryEFCore\LatinoNet.RepositoryEFCore.csproj", "{908F4C44-061B-4DD4-8E00-D32E43512D4B}"
EndProject
Project("{FAE04EC0-301F-11D3-BF4B-00C04F79EFBC}") = "LatinoNet.DTOs", "LatinoNet.DTOs\LatinoNet.DTOs.csproj", "{D7128709-017A-410D-BBB4-66A277C7AB1D}"
EndProject
Project("{FAE04EC0-301F-11D3-BF4B-00C04F79EFBC}") = "LatinoNet.UseCasesPorts", "LatinoNet.UseCasesPorts\LatinoNet.UseCasesPorts.csproj", "{135BF131-28DC-4999-93F8-2EA86C4F6D6D}"
EndProject
Project("{FAE04EC0-301F-11D3-BF4B-00C04F79EFBC}") = "LatinoNet.UseCases", "LatinoNet.UseCases\LatinoNet.UseCases.csproj", "{E944770B-7C8A-400A-ADBC-A64DDCBBEFC8}"
EndProject
Project("{2150E333-8FDC-42A3-9474-1A3956D46DE8}") = "Presenters", "Presenters", "{6CC8B6AD-1F2E-40C9-9E5C-96ECF0B5FE79}"
EndProject
Project("{FAE04EC0-301F-11D3-BF4B-00C04F79EFBC}") = "LatinoNet.Presenters", "LatinoNet.Presenters\LatinoNet.Presenters.csproj", "{E9270620-2E24-43D6-BB8B-D38656E20496}"
EndProject
Project("{FAE04EC0-301F-11D3-BF4B-00C04F79EFBC}") = "LatinoNet.IoC", "LatinoNet.IoC\LatinoNet.IoC.csproj", "{AE3AB744-D1BE-44A1-B2A7-465EFB1FE47E}"
EndProject
Global
	GlobalSection(SolutionConfigurationPlatforms) = preSolution
		Debug|Any CPU = Debug|Any CPU
		Release|Any CPU = Release|Any CPU
	EndGlobalSection
	GlobalSection(ProjectConfigurationPlatforms) = postSolution
		{4EE0FB74-2EF8-4354-BD22-EB0B53C66368}.Debug|Any CPU.ActiveCfg = Debug|Any CPU
		{4EE0FB74-2EF8-4354-BD22-EB0B53C66368}.Debug|Any CPU.Build.0 = Debug|Any CPU
		{4EE0FB74-2EF8-4354-BD22-EB0B53C66368}.Release|Any CPU.ActiveCfg = Release|Any CPU
		{4EE0FB74-2EF8-4354-BD22-EB0B53C66368}.Release|Any CPU.Build.0 = Release|Any CPU
		{908F4C44-061B-4DD4-8E00-D32E43512D4B}.Debug|Any CPU.ActiveCfg = Debug|Any CPU
		{908F4C44-061B-4DD4-8E00-D32E43512D4B}.Debug|Any CPU.Build.0 = Debug|Any CPU
		{908F4C44-061B-4DD4-8E00-D32E43512D4B}.Release|Any CPU.ActiveCfg = Release|Any CPU
		{908F4C44-061B-4DD4-8E00-D32E43512D4B}.Release|Any CPU.Build.0 = Release|Any CPU
		{D7128709-017A-410D-BBB4-66A277C7AB1D}.Debug|Any CPU.ActiveCfg = Debug|Any CPU
		{D7128709-017A-410D-BBB4-66A277C7AB1D}.Debug|Any CPU.Build.0 = Debug|Any CPU
		{D7128709-017A-410D-BBB4-66A277C7AB1D}.Release|Any CPU.ActiveCfg = Release|Any CPU
		{D7128709-017A-410D-BBB4-66A277C7AB1D}.Release|Any CPU.Build.0 = Release|Any CPU
		{135BF131-28DC-4999-93F8-2EA86C4F6D6D}.Debug|Any CPU.ActiveCfg = Debug|Any CPU
		{135BF131-28DC-4999-93F8-2EA86C4F6D6D}.Debug|Any CPU.Build.0 = Debug|Any CPU
		{135BF131-28DC-4999-93F8-2EA86C4F6D6D}.Release|Any CPU.ActiveCfg = Release|Any CPU
		{135BF131-28DC-4999-93F8-2EA86C4F6D6D}.Release|Any CPU.Build.0 = Release|Any CPU
		{E944770B-7C8A-400A-ADBC-A64DDCBBEFC8}.Debug|Any CPU.ActiveCfg = Debug|Any CPU
		{E944770B-7C8A-400A-ADBC-A64DDCBBEFC8}.Debug|Any CPU.Build.0 = Debug|Any CPU
		{E944770B-7C8A-400A-ADBC-A64DDCBBEFC8}.Release|Any CPU.ActiveCfg = Release|Any CPU
		{E944770B-7C8A-400A-ADBC-A64DDCBBEFC8}.Release|Any CPU.Build.0 = Release|Any CPU
		{E9270620-2E24-43D6-BB8B-D38656E20496}.Debug|Any CPU.ActiveCfg = Debug|Any CPU
		{E9270620-2E24-43D6-BB8B-D38656E20496}.Debug|Any CPU.Build.0 = Debug|Any CPU
		{E9270620-2E24-43D6-BB8B-D38656E20496}.Release|Any CPU.ActiveCfg = Release|Any CPU
		{E9270620-2E24-43D6-BB8B-D38656E20496}.Release|Any CPU.Build.0 = Release|Any CPU
		{AE3AB744-D1BE-44A1-B2A7-465EFB1FE47E}.Debug|Any CPU.ActiveCfg = Debug|Any CPU
		{AE3AB744-D1BE-44A1-B2A7-465EFB1FE47E}.Debug|Any CPU.Build.0 = Debug|Any CPU
		{AE3AB744-D1BE-44A1-B2A7-465EFB1FE47E}.Release|Any CPU.ActiveCfg = Release|Any CPU
		{AE3AB744-D1BE-44A1-B2A7-465EFB1FE47E}.Release|Any CPU.Build.0 = Release|Any CPU
	EndGlobalSection
	GlobalSection(NestedProjects) = preSolution
		{4EE0FB74-2EF8-4354-BD22-EB0B53C66368} = {1F5952EE-550B-4AC9-9E4B-E68BC33D9F50}
		{0EF8E39A-955B-4E3D-98AE-99669031203A} = {B5055DEE-E075-43D0-9C1B-FC1B3F15856D}
		{908F4C44-061B-4DD4-8E00-D32E43512D4B} = {0EF8E39A-955B-4E3D-98AE-99669031203A}
		{D7128709-017A-410D-BBB4-66A277C7AB1D} = {CE8431A2-85E8-482F-9161-654DE8F0B921}
		{135BF131-28DC-4999-93F8-2EA86C4F6D6D} = {CE8431A2-85E8-482F-9161-654DE8F0B921}
		{E944770B-7C8A-400A-ADBC-A64DDCBBEFC8} = {CE8431A2-85E8-482F-9161-654DE8F0B921}
		{6CC8B6AD-1F2E-40C9-9E5C-96ECF0B5FE79} = {B5055DEE-E075-43D0-9C1B-FC1B3F15856D}
		{E9270620-2E24-43D6-BB8B-D38656E20496} = {6CC8B6AD-1F2E-40C9-9E5C-96ECF0B5FE79}
		{AE3AB744-D1BE-44A1-B2A7-465EFB1FE47E} = {0EF8E39A-955B-4E3D-98AE-99669031203A}
	EndGlobalSection
EndGlobal
